// !$*UTF8*$!
{
	archiveVersion = 1;
	classes = {
	};
	objectVersion = 50;
	objects = {

/* Begin PBXBuildFile section */
		8C5634D02408DAAE00C86218 /* AppDelegate.swift in Sources */ = {isa = PBXBuildFile; fileRef = 8C5634CF2408DAAE00C86218 /* AppDelegate.swift */; };
		8C5634D22408DAAE00C86218 /* SceneDelegate.swift in Sources */ = {isa = PBXBuildFile; fileRef = 8C5634D12408DAAE00C86218 /* SceneDelegate.swift */; };
		8C5634D42408DAAE00C86218 /* ViewController.swift in Sources */ = {isa = PBXBuildFile; fileRef = 8C5634D32408DAAE00C86218 /* ViewController.swift */; };
		8C5634D72408DAAE00C86218 /* Main.storyboard in Resources */ = {isa = PBXBuildFile; fileRef = 8C5634D52408DAAE00C86218 /* Main.storyboard */; };
		8C5634D92408DAB100C86218 /* Assets.xcassets in Resources */ = {isa = PBXBuildFile; fileRef = 8C5634D82408DAB100C86218 /* Assets.xcassets */; };
		8C5634DC2408DAB100C86218 /* LaunchScreen.storyboard in Resources */ = {isa = PBXBuildFile; fileRef = 8C5634DA2408DAB100C86218 /* LaunchScreen.storyboard */; };
		8C5635582409199200C86218 /* RxRelay.framework in Frameworks */ = {isa = PBXBuildFile; fileRef = 8C56354E2409199200C86218 /* RxRelay.framework */; };
		8C5635592409199200C86218 /* RxBlocking.framework.dSYM in Resources */ = {isa = PBXBuildFile; fileRef = 8C56354F2409199200C86218 /* RxBlocking.framework.dSYM */; };
		8C56355A2409199200C86218 /* RxTest.framework in Frameworks */ = {isa = PBXBuildFile; fileRef = 8C5635502409199200C86218 /* RxTest.framework */; };
		8C56355B2409199200C86218 /* RxRelay.framework.dSYM in Resources */ = {isa = PBXBuildFile; fileRef = 8C5635512409199200C86218 /* RxRelay.framework.dSYM */; };
		8C56355C2409199200C86218 /* RxCocoa.framework.dSYM in Resources */ = {isa = PBXBuildFile; fileRef = 8C5635522409199200C86218 /* RxCocoa.framework.dSYM */; };
		8C56355D2409199200C86218 /* RxSwift.framework.dSYM in Resources */ = {isa = PBXBuildFile; fileRef = 8C5635532409199200C86218 /* RxSwift.framework.dSYM */; };
		8C56355E2409199200C86218 /* RxTest.framework.dSYM in Resources */ = {isa = PBXBuildFile; fileRef = 8C5635542409199200C86218 /* RxTest.framework.dSYM */; };
		8C56355F2409199200C86218 /* RxCocoa.framework in Frameworks */ = {isa = PBXBuildFile; fileRef = 8C5635552409199200C86218 /* RxCocoa.framework */; };
		8C5635602409199200C86218 /* RxSwift.framework in Frameworks */ = {isa = PBXBuildFile; fileRef = 8C5635562409199200C86218 /* RxSwift.framework */; };
		8C5635612409199200C86218 /* RxBlocking.framework in Frameworks */ = {isa = PBXBuildFile; fileRef = 8C5635572409199200C86218 /* RxBlocking.framework */; };
		8C56356D24092A1000C86218 /* TestFramework.h in Headers */ = {isa = PBXBuildFile; fileRef = 8C56356B24092A1000C86218 /* TestFramework.h */; settings = {ATTRIBUTES = (Public, ); }; };
		8C56357024092A1000C86218 /* TestFramework.framework in Frameworks */ = {isa = PBXBuildFile; fileRef = 8C56356924092A1000C86218 /* TestFramework.framework */; };
		8C56357124092A1000C86218 /* TestFramework.framework in CopyFiles */ = {isa = PBXBuildFile; fileRef = 8C56356924092A1000C86218 /* TestFramework.framework */; settings = {ATTRIBUTES = (CodeSignOnCopy, RemoveHeadersOnCopy, ); }; };
/* End PBXBuildFile section */

/* Begin PBXContainerItemProxy section */
		8C56356E24092A1000C86218 /* PBXContainerItemProxy */ = {
			isa = PBXContainerItemProxy;
			containerPortal = 8C5634C42408DAAE00C86218 /* Project object */;
			proxyType = 1;
			remoteGlobalIDString = 8C56356824092A1000C86218;
			remoteInfo = TestFramework;
		};
/* End PBXContainerItemProxy section */

/* Begin PBXCopyFilesBuildPhase section */
		8C5635482409029D00C86218 /* CopyFiles */ = {
			isa = PBXCopyFilesBuildPhase;
			buildActionMask = 2147483647;
			dstPath = "";
			dstSubfolderSpec = 10;
			files = (
				8C56357124092A1000C86218 /* TestFramework.framework in CopyFiles */,
			);
			runOnlyForDeploymentPostprocessing = 0;
		};
/* End PBXCopyFilesBuildPhase section */

/* Begin PBXFileReference section */
		8C5634CC2408DAAE00C86218 /* CatalystTestProject.app */ = {isa = PBXFileReference; explicitFileType = wrapper.application; includeInIndex = 0; path = CatalystTestProject.app; sourceTree = BUILT_PRODUCTS_DIR; };
		8C5634CF2408DAAE00C86218 /* AppDelegate.swift */ = {isa = PBXFileReference; lastKnownFileType = sourcecode.swift; path = AppDelegate.swift; sourceTree = "<group>"; };
		8C5634D12408DAAE00C86218 /* SceneDelegate.swift */ = {isa = PBXFileReference; lastKnownFileType = sourcecode.swift; path = SceneDelegate.swift; sourceTree = "<group>"; };
		8C5634D32408DAAE00C86218 /* ViewController.swift */ = {isa = PBXFileReference; lastKnownFileType = sourcecode.swift; path = ViewController.swift; sourceTree = "<group>"; };
		8C5634D62408DAAE00C86218 /* Base */ = {isa = PBXFileReference; lastKnownFileType = file.storyboard; name = Base; path = Base.lproj/Main.storyboard; sourceTree = "<group>"; };
		8C5634D82408DAB100C86218 /* Assets.xcassets */ = {isa = PBXFileReference; lastKnownFileType = folder.assetcatalog; path = Assets.xcassets; sourceTree = "<group>"; };
		8C5634DB2408DAB100C86218 /* Base */ = {isa = PBXFileReference; lastKnownFileType = file.storyboard; name = Base; path = Base.lproj/LaunchScreen.storyboard; sourceTree = "<group>"; };
		8C5634DD2408DAB100C86218 /* Info.plist */ = {isa = PBXFileReference; lastKnownFileType = text.plist.xml; path = Info.plist; sourceTree = "<group>"; };
		8C5634E32408DAC800C86218 /* CatalystTestProject.entitlements */ = {isa = PBXFileReference; lastKnownFileType = text.plist.entitlements; path = CatalystTestProject.entitlements; sourceTree = "<group>"; };
		8C56354E2409199200C86218 /* RxRelay.framework */ = {isa = PBXFileReference; lastKnownFileType = wrapper.framework; path = RxRelay.framework; sourceTree = "<group>"; };
		8C56354F2409199200C86218 /* RxBlocking.framework.dSYM */ = {isa = PBXFileReference; lastKnownFileType = wrapper.dsym; path = RxBlocking.framework.dSYM; sourceTree = "<group>"; };
		8C5635502409199200C86218 /* RxTest.framework */ = {isa = PBXFileReference; lastKnownFileType = wrapper.framework; path = RxTest.framework; sourceTree = "<group>"; };
		8C5635512409199200C86218 /* RxRelay.framework.dSYM */ = {isa = PBXFileReference; lastKnownFileType = wrapper.dsym; path = RxRelay.framework.dSYM; sourceTree = "<group>"; };
		8C5635522409199200C86218 /* RxCocoa.framework.dSYM */ = {isa = PBXFileReference; lastKnownFileType = wrapper.dsym; path = RxCocoa.framework.dSYM; sourceTree = "<group>"; };
		8C5635532409199200C86218 /* RxSwift.framework.dSYM */ = {isa = PBXFileReference; lastKnownFileType = wrapper.dsym; path = RxSwift.framework.dSYM; sourceTree = "<group>"; };
		8C5635542409199200C86218 /* RxTest.framework.dSYM */ = {isa = PBXFileReference; lastKnownFileType = wrapper.dsym; path = RxTest.framework.dSYM; sourceTree = "<group>"; };
		8C5635552409199200C86218 /* RxCocoa.framework */ = {isa = PBXFileReference; lastKnownFileType = wrapper.framework; path = RxCocoa.framework; sourceTree = "<group>"; };
		8C5635562409199200C86218 /* RxSwift.framework */ = {isa = PBXFileReference; lastKnownFileType = wrapper.framework; path = RxSwift.framework; sourceTree = "<group>"; };
		8C5635572409199200C86218 /* RxBlocking.framework */ = {isa = PBXFileReference; lastKnownFileType = wrapper.framework; path = RxBlocking.framework; sourceTree = "<group>"; };
		8C56356924092A1000C86218 /* TestFramework.framework */ = {isa = PBXFileReference; explicitFileType = wrapper.framework; includeInIndex = 0; path = TestFramework.framework; sourceTree = BUILT_PRODUCTS_DIR; };
		8C56356B24092A1000C86218 /* TestFramework.h */ = {isa = PBXFileReference; lastKnownFileType = sourcecode.c.h; path = TestFramework.h; sourceTree = "<group>"; };
		8C56356C24092A1000C86218 /* Info.plist */ = {isa = PBXFileReference; lastKnownFileType = text.plist.xml; path = Info.plist; sourceTree = "<group>"; };
		8C5635752409EED600C86218 /* Config.xcconfig */ = {isa = PBXFileReference; lastKnownFileType = text.xcconfig; path = Config.xcconfig; sourceTree = "<group>"; };
/* End PBXFileReference section */

/* Begin PBXFrameworksBuildPhase section */
		8C5634C92408DAAE00C86218 /* Frameworks */ = {
			isa = PBXFrameworksBuildPhase;
			buildActionMask = 2147483647;
			files = (
				8C5635602409199200C86218 /* RxSwift.framework in Frameworks */,
				8C5635612409199200C86218 /* RxBlocking.framework in Frameworks */,
				8C56355F2409199200C86218 /* RxCocoa.framework in Frameworks */,
				8C56357024092A1000C86218 /* TestFramework.framework in Frameworks */,
				8C56355A2409199200C86218 /* RxTest.framework in Frameworks */,
				8C5635582409199200C86218 /* RxRelay.framework in Frameworks */,
			);
			runOnlyForDeploymentPostprocessing = 0;
		};
		8C56356624092A1000C86218 /* Frameworks */ = {
			isa = PBXFrameworksBuildPhase;
			buildActionMask = 2147483647;
			files = (
			);
			runOnlyForDeploymentPostprocessing = 0;
		};
/* End PBXFrameworksBuildPhase section */

/* Begin PBXGroup section */
		8C5634C32408DAAE00C86218 = {
			isa = PBXGroup;
			children = (
				8C5635752409EED600C86218 /* Config.xcconfig */,
				8C5634CE2408DAAE00C86218 /* CatalystTestProject */,
				8C56356A24092A1000C86218 /* TestFramework */,
				8C5634CD2408DAAE00C86218 /* Products */,
			);
			sourceTree = "<group>";
		};
		8C5634CD2408DAAE00C86218 /* Products */ = {
			isa = PBXGroup;
			children = (
				8C5634CC2408DAAE00C86218 /* CatalystTestProject.app */,
				8C56356924092A1000C86218 /* TestFramework.framework */,
			);
			name = Products;
			sourceTree = "<group>";
		};
		8C5634CE2408DAAE00C86218 /* CatalystTestProject */ = {
			isa = PBXGroup;
			children = (
				8C56354D2409199200C86218 /* Mac */,
				8C5634E32408DAC800C86218 /* CatalystTestProject.entitlements */,
				8C5634CF2408DAAE00C86218 /* AppDelegate.swift */,
				8C5634D12408DAAE00C86218 /* SceneDelegate.swift */,
				8C5634D32408DAAE00C86218 /* ViewController.swift */,
				8C5634D52408DAAE00C86218 /* Main.storyboard */,
				8C5634D82408DAB100C86218 /* Assets.xcassets */,
				8C5634DA2408DAB100C86218 /* LaunchScreen.storyboard */,
				8C5634DD2408DAB100C86218 /* Info.plist */,
			);
			path = CatalystTestProject;
			sourceTree = "<group>";
		};
		8C56354D2409199200C86218 /* Mac */ = {
			isa = PBXGroup;
			children = (
				8C56354E2409199200C86218 /* RxRelay.framework */,
				8C56354F2409199200C86218 /* RxBlocking.framework.dSYM */,
				8C5635502409199200C86218 /* RxTest.framework */,
				8C5635512409199200C86218 /* RxRelay.framework.dSYM */,
				8C5635522409199200C86218 /* RxCocoa.framework.dSYM */,
				8C5635532409199200C86218 /* RxSwift.framework.dSYM */,
				8C5635542409199200C86218 /* RxTest.framework.dSYM */,
				8C5635552409199200C86218 /* RxCocoa.framework */,
				8C5635562409199200C86218 /* RxSwift.framework */,
				8C5635572409199200C86218 /* RxBlocking.framework */,
			);
			name = Mac;
			path = Carthage/Build/Mac;
			sourceTree = SOURCE_ROOT;
		};
		8C56356A24092A1000C86218 /* TestFramework */ = {
			isa = PBXGroup;
			children = (
				8C56356B24092A1000C86218 /* TestFramework.h */,
				8C56356C24092A1000C86218 /* Info.plist */,
			);
			path = TestFramework;
			sourceTree = "<group>";
		};
/* End PBXGroup section */

/* Begin PBXHeadersBuildPhase section */
		8C56356424092A1000C86218 /* Headers */ = {
			isa = PBXHeadersBuildPhase;
			buildActionMask = 2147483647;
			files = (
				8C56356D24092A1000C86218 /* TestFramework.h in Headers */,
			);
			runOnlyForDeploymentPostprocessing = 0;
		};
/* End PBXHeadersBuildPhase section */

/* Begin PBXNativeTarget section */
		8C5634CB2408DAAE00C86218 /* CatalystTestProject */ = {
			isa = PBXNativeTarget;
			buildConfigurationList = 8C5634E02408DAB100C86218 /* Build configuration list for PBXNativeTarget "CatalystTestProject" */;
			buildPhases = (
				8C5634C82408DAAE00C86218 /* Sources */,
				8C5634C92408DAAE00C86218 /* Frameworks */,
				8C5634CA2408DAAE00C86218 /* Resources */,
				8C5635482409029D00C86218 /* CopyFiles */,
			);
			buildRules = (
			);
			dependencies = (
				8C56356F24092A1000C86218 /* PBXTargetDependency */,
			);
			name = CatalystTestProject;
			productName = CatalystTestProject;
			productReference = 8C5634CC2408DAAE00C86218 /* CatalystTestProject.app */;
			productType = "com.apple.product-type.application";
		};
		8C56356824092A1000C86218 /* TestFramework */ = {
			isa = PBXNativeTarget;
			buildConfigurationList = 8C56357224092A1000C86218 /* Build configuration list for PBXNativeTarget "TestFramework" */;
			buildPhases = (
				8C56356424092A1000C86218 /* Headers */,
				8C56356524092A1000C86218 /* Sources */,
				8C56356624092A1000C86218 /* Frameworks */,
				8C56356724092A1000C86218 /* Resources */,
			);
			buildRules = (
			);
			dependencies = (
			);
			name = TestFramework;
			productName = TestFramework;
			productReference = 8C56356924092A1000C86218 /* TestFramework.framework */;
			productType = "com.apple.product-type.framework";
		};
/* End PBXNativeTarget section */

/* Begin PBXProject section */
		8C5634C42408DAAE00C86218 /* Project object */ = {
			isa = PBXProject;
			attributes = {
				LastSwiftUpdateCheck = 1100;
				LastUpgradeCheck = 1100;
				ORGANIZATIONNAME = Dawon;
				TargetAttributes = {
					8C5634CB2408DAAE00C86218 = {
						CreatedOnToolsVersion = 11.0;
					};
					8C56356824092A1000C86218 = {
						CreatedOnToolsVersion = 11.0;
					};
				};
			};
			buildConfigurationList = 8C5634C72408DAAE00C86218 /* Build configuration list for PBXProject "CatalystTestProject" */;
			compatibilityVersion = "Xcode 9.3";
			developmentRegion = en;
			hasScannedForEncodings = 0;
			knownRegions = (
				en,
				Base,
			);
			mainGroup = 8C5634C32408DAAE00C86218;
			productRefGroup = 8C5634CD2408DAAE00C86218 /* Products */;
			projectDirPath = "";
			projectRoot = "";
			targets = (
				8C5634CB2408DAAE00C86218 /* CatalystTestProject */,
				8C56356824092A1000C86218 /* TestFramework */,
			);
		};
/* End PBXProject section */

/* Begin PBXResourcesBuildPhase section */
		8C5634CA2408DAAE00C86218 /* Resources */ = {
			isa = PBXResourcesBuildPhase;
			buildActionMask = 2147483647;
			files = (
				8C5634DC2408DAB100C86218 /* LaunchScreen.storyboard in Resources */,
				8C56355B2409199200C86218 /* RxRelay.framework.dSYM in Resources */,
				8C5634D92408DAB100C86218 /* Assets.xcassets in Resources */,
				8C5634D72408DAAE00C86218 /* Main.storyboard in Resources */,
				8C56355C2409199200C86218 /* RxCocoa.framework.dSYM in Resources */,
				8C5635592409199200C86218 /* RxBlocking.framework.dSYM in Resources */,
				8C56355E2409199200C86218 /* RxTest.framework.dSYM in Resources */,
				8C56355D2409199200C86218 /* RxSwift.framework.dSYM in Resources */,
			);
			runOnlyForDeploymentPostprocessing = 0;
		};
		8C56356724092A1000C86218 /* Resources */ = {
			isa = PBXResourcesBuildPhase;
			buildActionMask = 2147483647;
			files = (
			);
			runOnlyForDeploymentPostprocessing = 0;
		};
/* End PBXResourcesBuildPhase section */

/* Begin PBXSourcesBuildPhase section */
		8C5634C82408DAAE00C86218 /* Sources */ = {
			isa = PBXSourcesBuildPhase;
			buildActionMask = 2147483647;
			files = (
				8C5634D42408DAAE00C86218 /* ViewController.swift in Sources */,
				8C5634D02408DAAE00C86218 /* AppDelegate.swift in Sources */,
				8C5634D22408DAAE00C86218 /* SceneDelegate.swift in Sources */,
			);
			runOnlyForDeploymentPostprocessing = 0;
		};
		8C56356524092A1000C86218 /* Sources */ = {
			isa = PBXSourcesBuildPhase;
			buildActionMask = 2147483647;
			files = (
			);
			runOnlyForDeploymentPostprocessing = 0;
		};
/* End PBXSourcesBuildPhase section */

/* Begin PBXTargetDependency section */
		8C56356F24092A1000C86218 /* PBXTargetDependency */ = {
			isa = PBXTargetDependency;
			target = 8C56356824092A1000C86218 /* TestFramework */;
			targetProxy = 8C56356E24092A1000C86218 /* PBXContainerItemProxy */;
		};
/* End PBXTargetDependency section */

/* Begin PBXVariantGroup section */
		8C5634D52408DAAE00C86218 /* Main.storyboard */ = {
			isa = PBXVariantGroup;
			children = (
				8C5634D62408DAAE00C86218 /* Base */,
			);
			name = Main.storyboard;
			sourceTree = "<group>";
		};
		8C5634DA2408DAB100C86218 /* LaunchScreen.storyboard */ = {
			isa = PBXVariantGroup;
			children = (
				8C5634DB2408DAB100C86218 /* Base */,
			);
			name = LaunchScreen.storyboard;
			sourceTree = "<group>";
		};
/* End PBXVariantGroup section */

/* Begin XCBuildConfiguration section */
		8C5634DE2408DAB100C86218 /* Debug */ = {
			isa = XCBuildConfiguration;
			buildSettings = {
				ALWAYS_SEARCH_USER_PATHS = NO;
				CLANG_ANALYZER_NONNULL = YES;
				CLANG_ANALYZER_NUMBER_OBJECT_CONVERSION = YES_AGGRESSIVE;
				CLANG_CXX_LANGUAGE_STANDARD = "gnu++14";
				CLANG_CXX_LIBRARY = "libc++";
				CLANG_ENABLE_MODULES = YES;
				CLANG_ENABLE_OBJC_ARC = YES;
				CLANG_ENABLE_OBJC_WEAK = YES;
				CLANG_WARN_BLOCK_CAPTURE_AUTORELEASING = YES;
				CLANG_WARN_BOOL_CONVERSION = YES;
				CLANG_WARN_COMMA = YES;
				CLANG_WARN_CONSTANT_CONVERSION = YES;
				CLANG_WARN_DEPRECATED_OBJC_IMPLEMENTATIONS = YES;
				CLANG_WARN_DIRECT_OBJC_ISA_USAGE = YES_ERROR;
				CLANG_WARN_DOCUMENTATION_COMMENTS = YES;
				CLANG_WARN_EMPTY_BODY = YES;
				CLANG_WARN_ENUM_CONVERSION = YES;
				CLANG_WARN_INFINITE_RECURSION = YES;
				CLANG_WARN_INT_CONVERSION = YES;
				CLANG_WARN_NON_LITERAL_NULL_CONVERSION = YES;
				CLANG_WARN_OBJC_IMPLICIT_RETAIN_SELF = YES;
				CLANG_WARN_OBJC_LITERAL_CONVERSION = YES;
				CLANG_WARN_OBJC_ROOT_CLASS = YES_ERROR;
				CLANG_WARN_RANGE_LOOP_ANALYSIS = YES;
				CLANG_WARN_STRICT_PROTOTYPES = YES;
				CLANG_WARN_SUSPICIOUS_MOVE = YES;
				CLANG_WARN_UNGUARDED_AVAILABILITY = YES_AGGRESSIVE;
				CLANG_WARN_UNREACHABLE_CODE = YES;
				CLANG_WARN__DUPLICATE_METHOD_MATCH = YES;
				COPY_PHASE_STRIP = NO;
				DEBUG_INFORMATION_FORMAT = dwarf;
				ENABLE_STRICT_OBJC_MSGSEND = YES;
				ENABLE_TESTABILITY = YES;
				GCC_C_LANGUAGE_STANDARD = gnu11;
				GCC_DYNAMIC_NO_PIC = NO;
				GCC_NO_COMMON_BLOCKS = YES;
				GCC_OPTIMIZATION_LEVEL = 0;
				GCC_PREPROCESSOR_DEFINITIONS = (
					"DEBUG=1",
					"$(inherited)",
				);
				GCC_WARN_64_TO_32_BIT_CONVERSION = YES;
				GCC_WARN_ABOUT_RETURN_TYPE = YES_ERROR;
				GCC_WARN_UNDECLARED_SELECTOR = YES;
				GCC_WARN_UNINITIALIZED_AUTOS = YES_AGGRESSIVE;
				GCC_WARN_UNUSED_FUNCTION = YES;
				GCC_WARN_UNUSED_VARIABLE = YES;
				IPHONEOS_DEPLOYMENT_TARGET = 13.0;
				MTL_ENABLE_DEBUG_INFO = INCLUDE_SOURCE;
				MTL_FAST_MATH = YES;
				ONLY_ACTIVE_ARCH = YES;
				SDKROOT = iphoneos;
				SWIFT_ACTIVE_COMPILATION_CONDITIONS = DEBUG;
				SWIFT_OPTIMIZATION_LEVEL = "-Onone";
			};
			name = Debug;
		};
		8C5634DF2408DAB100C86218 /* Release */ = {
			isa = XCBuildConfiguration;
			buildSettings = {
				ALWAYS_SEARCH_USER_PATHS = NO;
				CLANG_ANALYZER_NONNULL = YES;
				CLANG_ANALYZER_NUMBER_OBJECT_CONVERSION = YES_AGGRESSIVE;
				CLANG_CXX_LANGUAGE_STANDARD = "gnu++14";
				CLANG_CXX_LIBRARY = "libc++";
				CLANG_ENABLE_MODULES = YES;
				CLANG_ENABLE_OBJC_ARC = YES;
				CLANG_ENABLE_OBJC_WEAK = YES;
				CLANG_WARN_BLOCK_CAPTURE_AUTORELEASING = YES;
				CLANG_WARN_BOOL_CONVERSION = YES;
				CLANG_WARN_COMMA = YES;
				CLANG_WARN_CONSTANT_CONVERSION = YES;
				CLANG_WARN_DEPRECATED_OBJC_IMPLEMENTATIONS = YES;
				CLANG_WARN_DIRECT_OBJC_ISA_USAGE = YES_ERROR;
				CLANG_WARN_DOCUMENTATION_COMMENTS = YES;
				CLANG_WARN_EMPTY_BODY = YES;
				CLANG_WARN_ENUM_CONVERSION = YES;
				CLANG_WARN_INFINITE_RECURSION = YES;
				CLANG_WARN_INT_CONVERSION = YES;
				CLANG_WARN_NON_LITERAL_NULL_CONVERSION = YES;
				CLANG_WARN_OBJC_IMPLICIT_RETAIN_SELF = YES;
				CLANG_WARN_OBJC_LITERAL_CONVERSION = YES;
				CLANG_WARN_OBJC_ROOT_CLASS = YES_ERROR;
				CLANG_WARN_RANGE_LOOP_ANALYSIS = YES;
				CLANG_WARN_STRICT_PROTOTYPES = YES;
				CLANG_WARN_SUSPICIOUS_MOVE = YES;
				CLANG_WARN_UNGUARDED_AVAILABILITY = YES_AGGRESSIVE;
				CLANG_WARN_UNREACHABLE_CODE = YES;
				CLANG_WARN__DUPLICATE_METHOD_MATCH = YES;
				COPY_PHASE_STRIP = NO;
				DEBUG_INFORMATION_FORMAT = "dwarf-with-dsym";
				ENABLE_NS_ASSERTIONS = NO;
				ENABLE_STRICT_OBJC_MSGSEND = YES;
				GCC_C_LANGUAGE_STANDARD = gnu11;
				GCC_NO_COMMON_BLOCKS = YES;
				GCC_WARN_64_TO_32_BIT_CONVERSION = YES;
				GCC_WARN_ABOUT_RETURN_TYPE = YES_ERROR;
				GCC_WARN_UNDECLARED_SELECTOR = YES;
				GCC_WARN_UNINITIALIZED_AUTOS = YES_AGGRESSIVE;
				GCC_WARN_UNUSED_FUNCTION = YES;
				GCC_WARN_UNUSED_VARIABLE = YES;
				IPHONEOS_DEPLOYMENT_TARGET = 13.0;
				MTL_ENABLE_DEBUG_INFO = NO;
				MTL_FAST_MATH = YES;
				SDKROOT = iphoneos;
				SWIFT_COMPILATION_MODE = wholemodule;
				SWIFT_OPTIMIZATION_LEVEL = "-O";
				VALIDATE_PRODUCT = YES;
			};
			name = Release;
		};
		8C5634E12408DAB100C86218 /* Debug */ = {
			isa = XCBuildConfiguration;
			buildSettings = {
				ASSETCATALOG_COMPILER_APPICON_NAME = AppIcon;
				CODE_SIGN_ENTITLEMENTS = CatalystTestProject/CatalystTestProject.entitlements;
				"CODE_SIGN_IDENTITY[sdk=macosx*]" = "-";
				CODE_SIGN_STYLE = Automatic;
				DEVELOPMENT_TEAM = H8L8FUAVMN;
				FRAMEWORK_SEARCH_PATHS = (
					"$(inherited)",
					"$(PROJECT_DIR)/Carthage/Build/iOS",
					"$(PROJECT_DIR)/Carthage/Build/Mac",
				);
				INFOPLIST_FILE = CatalystTestProject/Info.plist;
				LD_RUNPATH_SEARCH_PATHS = (
					"$(inherited)",
					"@executable_path/Frameworks",
				);
				PRODUCT_BUNDLE_IDENTIFIER = Dawon.CatalystTestProject;
				PRODUCT_NAME = "$(TARGET_NAME)";
				SUPPORTED_PLATFORMS = "iphonesimulator iphoneos";
				SUPPORTS_MACCATALYST = NO;
				SWIFT_VERSION = 5.0;
				TARGETED_DEVICE_FAMILY = "1,2";
			};
			name = Debug;
		};
		8C5634E22408DAB100C86218 /* Release */ = {
			isa = XCBuildConfiguration;
			buildSettings = {
				ASSETCATALOG_COMPILER_APPICON_NAME = AppIcon;
				CODE_SIGN_ENTITLEMENTS = CatalystTestProject/CatalystTestProject.entitlements;
				CODE_SIGN_STYLE = Automatic;
				DEVELOPMENT_TEAM = H8L8FUAVMN;
				FRAMEWORK_SEARCH_PATHS = (
					"$(inherited)",
					"$(PROJECT_DIR)/Carthage/Build/iOS",
					"$(PROJECT_DIR)/Carthage/Build/Mac",
				);
				INFOPLIST_FILE = CatalystTestProject/Info.plist;
				LD_RUNPATH_SEARCH_PATHS = (
					"$(inherited)",
					"@executable_path/Frameworks",
				);
				PRODUCT_BUNDLE_IDENTIFIER = Dawon.CatalystTestProject;
				PRODUCT_NAME = "$(TARGET_NAME)";
				SUPPORTED_PLATFORMS = "iphonesimulator iphoneos";
				SUPPORTS_MACCATALYST = NO;
				SWIFT_VERSION = 5.0;
				TARGETED_DEVICE_FAMILY = "1,2";
			};
			name = Release;
		};
		8C56357324092A1000C86218 /* Debug */ = {
			isa = XCBuildConfiguration;
			buildSettings = {
				CODE_SIGN_STYLE = Automatic;
				CURRENT_PROJECT_VERSION = 1;
				DEFINES_MODULE = YES;
				DEVELOPMENT_TEAM = H8L8FUAVMN;
				DYLIB_COMPATIBILITY_VERSION = 1;
				DYLIB_CURRENT_VERSION = 1;
				DYLIB_INSTALL_NAME_BASE = "@rpath";
				INFOPLIST_FILE = TestFramework/Info.plist;
				INSTALL_PATH = "$(LOCAL_LIBRARY_DIR)/Frameworks";
				LD_RUNPATH_SEARCH_PATHS = (
					"$(inherited)",
					"@executable_path/Frameworks",
					"@loader_path/Frameworks",
				);
				PRODUCT_BUNDLE_IDENTIFIER = Dawon.TestFramework;
				PRODUCT_NAME = "$(TARGET_NAME:c99extidentifier)";
				SKIP_INSTALL = YES;
				SUPPORTS_MACCATALYST = YES;
				SWIFT_VERSION = 5.0;
				TARGETED_DEVICE_FAMILY = "1,2";
				VERSIONING_SYSTEM = "apple-generic";
				VERSION_INFO_PREFIX = "";
			};
			name = Debug;
		};
		8C56357424092A1000C86218 /* Release */ = {
			isa = XCBuildConfiguration;
			buildSettings = {
				CODE_SIGN_STYLE = Automatic;
				CURRENT_PROJECT_VERSION = 1;
				DEFINES_MODULE = YES;
				DEVELOPMENT_TEAM = H8L8FUAVMN;
				DYLIB_COMPATIBILITY_VERSION = 1;
				DYLIB_CURRENT_VERSION = 1;
				DYLIB_INSTALL_NAME_BASE = "@rpath";
				INFOPLIST_FILE = TestFramework/Info.plist;
				INSTALL_PATH = "$(LOCAL_LIBRARY_DIR)/Frameworks";
				LD_RUNPATH_SEARCH_PATHS = (
					"$(inherited)",
					"@executable_path/Frameworks",
					"@loader_path/Frameworks",
				);
				PRODUCT_BUNDLE_IDENTIFIER = Dawon.TestFramework;
				PRODUCT_NAME = "$(TARGET_NAME:c99extidentifier)";
				SKIP_INSTALL = YES;
				SUPPORTS_MACCATALYST = YES;
				SWIFT_VERSION = 5.0;
				TARGETED_DEVICE_FAMILY = "1,2";
				VERSIONING_SYSTEM = "apple-generic";
				VERSION_INFO_PREFIX = "";
			};
			name = Release;
		};
/* End XCBuildConfiguration section */

/* Begin XCConfigurationList section */
		8C5634C72408DAAE00C86218 /* Build configuration list for PBXProject "CatalystTestProject" */ = {
			isa = XCConfigurationList;
			buildConfigurations = (
				8C5634DE2408DAB100C86218 /* Debug */,
				8C5634DF2408DAB100C86218 /* Release */,
			);
			defaultConfigurationIsVisible = 0;
			defaultConfigurationName = Release;
		};
		8C5634E02408DAB100C86218 /* Build configuration list for PBXNativeTarget "CatalystTestProject" */ = {
			isa = XCConfigurationList;
			buildConfigurations = (
				8C5634E12408DAB100C86218 /* Debug */,
				8C5634E22408DAB100C86218 /* Release */,
			);
			defaultConfigurationIsVisible = 0;
			defaultConfigurationName = Release;
		};
		8C56357224092A1000C86218 /* Build configuration list for PBXNativeTarget "TestFramework" */ = {
			isa = XCConfigurationList;
			buildConfigurations = (
				8C56357324092A1000C86218 /* Debug */,
				8C56357424092A1000C86218 /* Release */,
			);
			defaultConfigurationIsVisible = 0;
			defaultConfigurationName = Release;
		};
/* End XCConfigurationList section */
	};
	rootObject = 8C5634C42408DAAE00C86218 /* Project object */;
}
